
Microsoft Visual Studio Solution File, Format Version 12.00
# Visual Studio Version 17
VisualStudioVersion = 17.0.31903.59
MinimumVisualStudioVersion = 10.0.40219.1
Project("{2150E333-8FDC-42A3-9474-1A3956D46DE8}") = "src", "src", "{F7809299-A0D4-4110-ADDD-58B23EBE3CBE}"
EndProject
Project("{2150E333-8FDC-42A3-9474-1A3956D46DE8}") = "CoinbaseSdk", "CoinbaseSdk", "{405E1783-9193-480F-BFE2-088B66DF8697}"
EndProject
Project("{FAE04EC0-301F-11D3-BF4B-00C04F79EFBC}") = "CoinbaseSdk.Prime", "src\CoinbaseSdk\Prime\CoinbaseSdk.Prime.csproj", "{E2730132-2996-4C04-9EE0-E0430C30DD81}"
EndProject
Project("{FAE04EC0-301F-11D3-BF4B-00C04F79EFBC}") = "PrimeExample", "src\CoinbaseSdk\PrimeExample\PrimeExample.csproj", "{A1234567-1234-1234-1234-123456789DEF}"
EndProject
Project("{2150E333-8FDC-42A3-9474-1A3956D46DE8}") = "tools", "tools", "{07C2787E-EAC7-C090-1BA3-A61EC2A24D84}"
EndProject
Project("{2150E333-8FDC-42A3-9474-1A3956D46DE8}") = "generator", "generator", "{4F2527BE-FEB8-3666-90E3-5FE441D12564}"
EndProject
Project("{FAE04EC0-301F-11D3-BF4B-00C04F79EFBC}") = "Generator", "tools\generator\Generator.csproj", "{E8AF5372-3F9E-4B92-A80A-57CB764E9D69}"
EndProject
Project("{FAE04EC0-301F-11D3-BF4B-00C04F79EFBC}") = "Generator.Tests", "tools\generator\Generator.Tests\Generator.Tests.csproj", "{3EC98BC9-311E-4337-8A18-663479BF9A64}"
EndProject
Global
	GlobalSection(SolutionConfigurationPlatforms) = preSolution
		Debug|Any CPU = Debug|Any CPU
		Debug|x64 = Debug|x64
		Debug|x86 = Debug|x86
		Release|Any CPU = Release|Any CPU
		Release|x64 = Release|x64
		Release|x86 = Release|x86
	EndGlobalSection
	GlobalSection(ProjectConfigurationPlatforms) = postSolution
		{E2730132-2996-4C04-9EE0-E0430C30DD81}.Debug|Any CPU.ActiveCfg = Debug|Any CPU
		{E2730132-2996-4C04-9EE0-E0430C30DD81}.Debug|Any CPU.Build.0 = Debug|Any CPU
		{E2730132-2996-4C04-9EE0-E0430C30DD81}.Debug|x64.ActiveCfg = Debug|Any CPU
		{E2730132-2996-4C04-9EE0-E0430C30DD81}.Debug|x64.Build.0 = Debug|Any CPU
		{E2730132-2996-4C04-9EE0-E0430C30DD81}.Debug|x86.ActiveCfg = Debug|Any CPU
		{E2730132-2996-4C04-9EE0-E0430C30DD81}.Debug|x86.Build.0 = Debug|Any CPU
		{E2730132-2996-4C04-9EE0-E0430C30DD81}.Release|Any CPU.ActiveCfg = Release|Any CPU
		{E2730132-2996-4C04-9EE0-E0430C30DD81}.Release|Any CPU.Build.0 = Release|Any CPU
		{E2730132-2996-4C04-9EE0-E0430C30DD81}.Release|x64.ActiveCfg = Release|Any CPU
		{E2730132-2996-4C04-9EE0-E0430C30DD81}.Release|x64.Build.0 = Release|Any CPU
		{E2730132-2996-4C04-9EE0-E0430C30DD81}.Release|x86.ActiveCfg = Release|Any CPU
		{E2730132-2996-4C04-9EE0-E0430C30DD81}.Release|x86.Build.0 = Release|Any CPU
		{A1234567-1234-1234-1234-123456789DEF}.Debug|Any CPU.ActiveCfg = Debug|Any CPU
		{A1234567-1234-1234-1234-123456789DEF}.Debug|Any CPU.Build.0 = Debug|Any CPU
		{A1234567-1234-1234-1234-123456789DEF}.Debug|x64.ActiveCfg = Debug|Any CPU
		{A1234567-1234-1234-1234-123456789DEF}.Debug|x64.Build.0 = Debug|Any CPU
		{A1234567-1234-1234-1234-123456789DEF}.Debug|x86.ActiveCfg = Debug|Any CPU
		{A1234567-1234-1234-1234-123456789DEF}.Debug|x86.Build.0 = Debug|Any CPU
		{A1234567-1234-1234-1234-123456789DEF}.Release|Any CPU.ActiveCfg = Release|Any CPU
		{A1234567-1234-1234-1234-123456789DEF}.Release|Any CPU.Build.0 = Release|Any CPU
		{A1234567-1234-1234-1234-123456789DEF}.Release|x64.ActiveCfg = Release|Any CPU
		{A1234567-1234-1234-1234-123456789DEF}.Release|x64.Build.0 = Release|Any CPU
		{A1234567-1234-1234-1234-123456789DEF}.Release|x86.ActiveCfg = Release|Any CPU
		{A1234567-1234-1234-1234-123456789DEF}.Release|x86.Build.0 = Release|Any CPU
		{E8AF5372-3F9E-4B92-A80A-57CB764E9D69}.Debug|Any CPU.ActiveCfg = Debug|Any CPU
		{E8AF5372-3F9E-4B92-A80A-57CB764E9D69}.Debug|Any CPU.Build.0 = Debug|Any CPU
		{E8AF5372-3F9E-4B92-A80A-57CB764E9D69}.Debug|x64.ActiveCfg = Debug|Any CPU
		{E8AF5372-3F9E-4B92-A80A-57CB764E9D69}.Debug|x64.Build.0 = Debug|Any CPU
		{E8AF5372-3F9E-4B92-A80A-57CB764E9D69}.Debug|x86.ActiveCfg = Debug|Any CPU
		{E8AF5372-3F9E-4B92-A80A-57CB764E9D69}.Debug|x86.Build.0 = Debug|Any CPU
		{E8AF5372-3F9E-4B92-A80A-57CB764E9D69}.Release|Any CPU.ActiveCfg = Release|Any CPU
		{E8AF5372-3F9E-4B92-A80A-57CB764E9D69}.Release|Any CPU.Build.0 = Release|Any CPU
		{E8AF5372-3F9E-4B92-A80A-57CB764E9D69}.Release|x64.ActiveCfg = Release|Any CPU
		{E8AF5372-3F9E-4B92-A80A-57CB764E9D69}.Release|x64.Build.0 = Release|Any CPU
		{E8AF5372-3F9E-4B92-A80A-57CB764E9D69}.Release|x86.ActiveCfg = Release|Any CPU
		{E8AF5372-3F9E-4B92-A80A-57CB764E9D69}.Release|x86.Build.0 = Release|Any CPU
		{3EC98BC9-311E-4337-8A18-663479BF9A64}.Debug|Any CPU.ActiveCfg = Debug|Any CPU
		{3EC98BC9-311E-4337-8A18-663479BF9A64}.Debug|Any CPU.Build.0 = Debug|Any CPU
		{3EC98BC9-311E-4337-8A18-663479BF9A64}.Debug|x64.ActiveCfg = Debug|Any CPU
		{3EC98BC9-311E-4337-8A18-663479BF9A64}.Debug|x64.Build.0 = Debug|Any CPU
		{3EC98BC9-311E-4337-8A18-663479BF9A64}.Debug|x86.ActiveCfg = Debug|Any CPU
		{3EC98BC9-311E-4337-8A18-663479BF9A64}.Debug|x86.Build.0 = Debug|Any CPU
		{3EC98BC9-311E-4337-8A18-663479BF9A64}.Release|Any CPU.ActiveCfg = Release|Any CPU
		{3EC98BC9-311E-4337-8A18-663479BF9A64}.Release|Any CPU.Build.0 = Release|Any CPU
		{3EC98BC9-311E-4337-8A18-663479BF9A64}.Release|x64.ActiveCfg = Release|Any CPU
		{3EC98BC9-311E-4337-8A18-663479BF9A64}.Release|x64.Build.0 = Release|Any CPU
		{3EC98BC9-311E-4337-8A18-663479BF9A64}.Release|x86.ActiveCfg = Release|Any CPU
		{3EC98BC9-311E-4337-8A18-663479BF9A64}.Release|x86.Build.0 = Release|Any CPU
	EndGlobalSection
	GlobalSection(SolutionProperties) = preSolution
		HideSolutionNode = FALSE
	EndGlobalSection
	GlobalSection(NestedProjects) = preSolution
		{405E1783-9193-480F-BFE2-088B66DF8697} = {F7809299-A0D4-4110-ADDD-58B23EBE3CBE}
		{E2730132-2996-4C04-9EE0-E0430C30DD81} = {405E1783-9193-480F-BFE2-088B66DF8697}
		{A1234567-1234-1234-1234-123456789DEF} = {405E1783-9193-480F-BFE2-088B66DF8697}
		{4F2527BE-FEB8-3666-90E3-5FE441D12564} = {07C2787E-EAC7-C090-1BA3-A61EC2A24D84}
		{E8AF5372-3F9E-4B92-A80A-57CB764E9D69} = {4F2527BE-FEB8-3666-90E3-5FE441D12564}
		{3EC98BC9-311E-4337-8A18-663479BF9A64} = {4F2527BE-FEB8-3666-90E3-5FE441D12564}
	EndGlobalSection
EndGlobal
