
Microsoft Visual Studio Solution File, Format Version 12.00
# Visual Studio Version 17
VisualStudioVersion = 17.0.31903.59
MinimumVisualStudioVersion = 10.0.40219.1
Project("{2150E333-8FDC-42A3-9474-1A3956D46DE8}") = "src", "src", "{38D8B408-BFA7-4A53-91E5-F3358D9FF337}"
EndProject
Project("{2150E333-8FDC-42A3-9474-1A3956D46DE8}") = "Coinbase", "Coinbase", "{3AA5B21F-BF3B-4EF7-9FB7-054EDE24B2C8}"
EndProject
Project("{FAE04EC0-301F-11D3-BF4B-00C04F79EFBC}") = "CoinbaseSdk.Prime", "src\Coinbase\Prime\CoinbaseSdk.Prime.csproj", "{B06455C3-D3F6-44A4-9CF0-912BFB39C987}"
EndProject
Project("{FAE04EC0-301F-11D3-BF4B-00C04F79EFBC}") = "CoinbaseSdk.PrimeExample", "src\Coinbase\PrimeExample\CoinbaseSdk.PrimeExample.csproj", "{BFC20934-60BC-4791-BDC4-3E5D0E18C9CC}"
EndProject
Project("{2150E333-8FDC-42A3-9474-1A3956D46DE8}") = "CoinbaseSdk", "CoinbaseSdk", "{DA373BE1-7199-4302-A332-45C1DE691508}"
EndProject
Project("{FAE04EC0-301F-11D3-BF4B-00C04F79EFBC}") = "CoinbaseSdk.Prime", "src\CoinbaseSdk\Prime\CoinbaseSdk.Prime.csproj", "{B760835D-6150-4BDE-95F9-20BC125DB840}"
EndProject
Project("{FAE04EC0-301F-11D3-BF4B-00C04F79EFBC}") = "CoinbaseSdk.PrimeExample", "src\CoinbaseSdk\PrimeExample\CoinbaseSdk.PrimeExample.csproj", "{5D98129B-6F3C-4333-9406-A382E488376E}"
EndProject
Global
	GlobalSection(SolutionConfigurationPlatforms) = preSolution
		Debug|Any CPU = Debug|Any CPU
		Release|Any CPU = Release|Any CPU
	EndGlobalSection
	GlobalSection(SolutionProperties) = preSolution
		HideSolutionNode = FALSE
	EndGlobalSection
	GlobalSection(ProjectConfigurationPlatforms) = postSolution
		{B06455C3-D3F6-44A4-9CF0-912BFB39C987}.Debug|Any CPU.ActiveCfg = Debug|Any CPU
		{B06455C3-D3F6-44A4-9CF0-912BFB39C987}.Debug|Any CPU.Build.0 = Debug|Any CPU
		{B06455C3-D3F6-44A4-9CF0-912BFB39C987}.Release|Any CPU.ActiveCfg = Release|Any CPU
		{B06455C3-D3F6-44A4-9CF0-912BFB39C987}.Release|Any CPU.Build.0 = Release|Any CPU
		{BFC20934-60BC-4791-BDC4-3E5D0E18C9CC}.Debug|Any CPU.ActiveCfg = Debug|Any CPU
		{BFC20934-60BC-4791-BDC4-3E5D0E18C9CC}.Debug|Any CPU.Build.0 = Debug|Any CPU
		{BFC20934-60BC-4791-BDC4-3E5D0E18C9CC}.Release|Any CPU.ActiveCfg = Release|Any CPU
		{BFC20934-60BC-4791-BDC4-3E5D0E18C9CC}.Release|Any CPU.Build.0 = Release|Any CPU
		{B760835D-6150-4BDE-95F9-20BC125DB840}.Debug|Any CPU.ActiveCfg = Debug|Any CPU
		{B760835D-6150-4BDE-95F9-20BC125DB840}.Debug|Any CPU.Build.0 = Debug|Any CPU
		{B760835D-6150-4BDE-95F9-20BC125DB840}.Release|Any CPU.ActiveCfg = Release|Any CPU
		{B760835D-6150-4BDE-95F9-20BC125DB840}.Release|Any CPU.Build.0 = Release|Any CPU
		{5D98129B-6F3C-4333-9406-A382E488376E}.Debug|Any CPU.ActiveCfg = Debug|Any CPU
		{5D98129B-6F3C-4333-9406-A382E488376E}.Debug|Any CPU.Build.0 = Debug|Any CPU
		{5D98129B-6F3C-4333-9406-A382E488376E}.Release|Any CPU.ActiveCfg = Release|Any CPU
		{5D98129B-6F3C-4333-9406-A382E488376E}.Release|Any CPU.Build.0 = Release|Any CPU
	EndGlobalSection
	GlobalSection(NestedProjects) = preSolution
		{3AA5B21F-BF3B-4EF7-9FB7-054EDE24B2C8} = {38D8B408-BFA7-4A53-91E5-F3358D9FF337}
		{B06455C3-D3F6-44A4-9CF0-912BFB39C987} = {3AA5B21F-BF3B-4EF7-9FB7-054EDE24B2C8}
		{BFC20934-60BC-4791-BDC4-3E5D0E18C9CC} = {3AA5B21F-BF3B-4EF7-9FB7-054EDE24B2C8}
		{DA373BE1-7199-4302-A332-45C1DE691508} = {38D8B408-BFA7-4A53-91E5-F3358D9FF337}
		{B760835D-6150-4BDE-95F9-20BC125DB840} = {DA373BE1-7199-4302-A332-45C1DE691508}
		{5D98129B-6F3C-4333-9406-A382E488376E} = {DA373BE1-7199-4302-A332-45C1DE691508}
	EndGlobalSection
EndGlobal
